// !$*UTF8*$!
{
	archiveVersion = 1;
	classes = {
	};
	objectVersion = 56;
	objects = {

/* Begin PBXBuildFile section */
		76CF688C2ABDF71100D2E7F6 /* AppDelegate.swift in Sources */ = {isa = PBXBuildFile; fileRef = 76CF688B2ABDF71100D2E7F6 /* AppDelegate.swift */; };
		76CF688E2ABDF71100D2E7F6 /* SceneDelegate.swift in Sources */ = {isa = PBXBuildFile; fileRef = 76CF688D2ABDF71100D2E7F6 /* SceneDelegate.swift */; };
		76CF68902ABDF71100D2E7F6 /* ViewController.swift in Sources */ = {isa = PBXBuildFile; fileRef = 76CF688F2ABDF71100D2E7F6 /* ViewController.swift */; };
		76CF68952ABDF71200D2E7F6 /* Assets.xcassets in Resources */ = {isa = PBXBuildFile; fileRef = 76CF68942ABDF71200D2E7F6 /* Assets.xcassets */; };
		76CF68982ABDF71200D2E7F6 /* LaunchScreen.storyboard in Resources */ = {isa = PBXBuildFile; fileRef = 76CF68962ABDF71200D2E7F6 /* LaunchScreen.storyboard */; };
		76CF68A32ABDF95800D2E7F6 /* LogInVC.swift in Sources */ = {isa = PBXBuildFile; fileRef = 76CF68A22ABDF95800D2E7F6 /* LogInVC.swift */; };
		76CF68A72ABDF98200D2E7F6 /* LogInVC.xib in Resources */ = {isa = PBXBuildFile; fileRef = 76CF68A62ABDF98200D2E7F6 /* LogInVC.xib */; };
		76CF68AA2ABE1ACE00D2E7F6 /* Resolver in Frameworks */ = {isa = PBXBuildFile; productRef = 76CF68A92ABE1ACE00D2E7F6 /* Resolver */; };
		76CF68AD2ABE1C5D00D2E7F6 /* Alamofire in Frameworks */ = {isa = PBXBuildFile; productRef = 76CF68AC2ABE1C5D00D2E7F6 /* Alamofire */; };
		76CF68B02ABE1CBC00D2E7F6 /* Box.swift in Sources */ = {isa = PBXBuildFile; fileRef = 76CF68AF2ABE1CBC00D2E7F6 /* Box.swift */; };
		76CF68B22ABE2A0200D2E7F6 /* LoginRepository.swift in Sources */ = {isa = PBXBuildFile; fileRef = 76CF68B12ABE2A0200D2E7F6 /* LoginRepository.swift */; };
		76CF68B52ABE5BCD00D2E7F6 /* InicioVC.swift in Sources */ = {isa = PBXBuildFile; fileRef = 76CF68B42ABE5BCD00D2E7F6 /* InicioVC.swift */; };
		76CF68B82ABE7EDC00D2E7F6 /* AppModule.swift in Sources */ = {isa = PBXBuildFile; fileRef = 76CF68B72ABE7EDC00D2E7F6 /* AppModule.swift */; };
		76CF68BB2ABE7FA600D2E7F6 /* Api.swift in Sources */ = {isa = PBXBuildFile; fileRef = 76CF68BA2ABE7FA600D2E7F6 /* Api.swift */; };
		76CF68BD2ABE7FB900D2E7F6 /* RequestInterceptor.swift in Sources */ = {isa = PBXBuildFile; fileRef = 76CF68BC2ABE7FB900D2E7F6 /* RequestInterceptor.swift */; };
		76CF68BF2ABE7FC100D2E7F6 /* ApiError.swift in Sources */ = {isa = PBXBuildFile; fileRef = 76CF68BE2ABE7FC100D2E7F6 /* ApiError.swift */; };
		76CF68C12ABE7FCC00D2E7F6 /* Request.swift in Sources */ = {isa = PBXBuildFile; fileRef = 76CF68C02ABE7FCC00D2E7F6 /* Request.swift */; };
		76CF68C62ABE819D00D2E7F6 /* LogInApi.swift in Sources */ = {isa = PBXBuildFile; fileRef = 76CF68C52ABE819D00D2E7F6 /* LogInApi.swift */; };
/* End PBXBuildFile section */

/* Begin PBXFileReference section */
		76CF68882ABDF71100D2E7F6 /* LogIn.app */ = {isa = PBXFileReference; explicitFileType = wrapper.application; includeInIndex = 0; path = LogIn.app; sourceTree = BUILT_PRODUCTS_DIR; };
		76CF688B2ABDF71100D2E7F6 /* AppDelegate.swift */ = {isa = PBXFileReference; lastKnownFileType = sourcecode.swift; path = AppDelegate.swift; sourceTree = "<group>"; };
		76CF688D2ABDF71100D2E7F6 /* SceneDelegate.swift */ = {isa = PBXFileReference; lastKnownFileType = sourcecode.swift; path = SceneDelegate.swift; sourceTree = "<group>"; };
		76CF688F2ABDF71100D2E7F6 /* ViewController.swift */ = {isa = PBXFileReference; lastKnownFileType = sourcecode.swift; path = ViewController.swift; sourceTree = "<group>"; };
		76CF68942ABDF71200D2E7F6 /* Assets.xcassets */ = {isa = PBXFileReference; lastKnownFileType = folder.assetcatalog; path = Assets.xcassets; sourceTree = "<group>"; };
		76CF68972ABDF71200D2E7F6 /* Base */ = {isa = PBXFileReference; lastKnownFileType = file.storyboard; name = Base; path = Base.lproj/LaunchScreen.storyboard; sourceTree = "<group>"; };
		76CF68992ABDF71200D2E7F6 /* Info.plist */ = {isa = PBXFileReference; lastKnownFileType = text.plist.xml; path = Info.plist; sourceTree = "<group>"; };
		76CF68A22ABDF95800D2E7F6 /* LogInVC.swift */ = {isa = PBXFileReference; lastKnownFileType = sourcecode.swift; path = LogInVC.swift; sourceTree = "<group>"; };
		76CF68A62ABDF98200D2E7F6 /* LogInVC.xib */ = {isa = PBXFileReference; lastKnownFileType = file.xib; path = LogInVC.xib; sourceTree = "<group>"; };
		76CF68AF2ABE1CBC00D2E7F6 /* Box.swift */ = {isa = PBXFileReference; lastKnownFileType = sourcecode.swift; path = Box.swift; sourceTree = "<group>"; };
		76CF68B12ABE2A0200D2E7F6 /* LoginRepository.swift */ = {isa = PBXFileReference; lastKnownFileType = sourcecode.swift; path = LoginRepository.swift; sourceTree = "<group>"; };
		76CF68B42ABE5BCD00D2E7F6 /* InicioVC.swift */ = {isa = PBXFileReference; lastKnownFileType = sourcecode.swift; path = InicioVC.swift; sourceTree = "<group>"; };
		76CF68B72ABE7EDC00D2E7F6 /* AppModule.swift */ = {isa = PBXFileReference; lastKnownFileType = sourcecode.swift; path = AppModule.swift; sourceTree = "<group>"; };
		76CF68BA2ABE7FA600D2E7F6 /* Api.swift */ = {isa = PBXFileReference; lastKnownFileType = sourcecode.swift; path = Api.swift; sourceTree = "<group>"; };
		76CF68BC2ABE7FB900D2E7F6 /* RequestInterceptor.swift */ = {isa = PBXFileReference; lastKnownFileType = sourcecode.swift; path = RequestInterceptor.swift; sourceTree = "<group>"; };
		76CF68BE2ABE7FC100D2E7F6 /* ApiError.swift */ = {isa = PBXFileReference; lastKnownFileType = sourcecode.swift; path = ApiError.swift; sourceTree = "<group>"; };
		76CF68C02ABE7FCC00D2E7F6 /* Request.swift */ = {isa = PBXFileReference; lastKnownFileType = sourcecode.swift; path = Request.swift; sourceTree = "<group>"; };
		76CF68C52ABE819D00D2E7F6 /* LogInApi.swift */ = {isa = PBXFileReference; lastKnownFileType = sourcecode.swift; path = LogInApi.swift; sourceTree = "<group>"; };
/* End PBXFileReference section */

/* Begin PBXFrameworksBuildPhase section */
		76CF68852ABDF71100D2E7F6 /* Frameworks */ = {
			isa = PBXFrameworksBuildPhase;
			buildActionMask = 2147483647;
			files = (
				76CF68AA2ABE1ACE00D2E7F6 /* Resolver in Frameworks */,
				76CF68AD2ABE1C5D00D2E7F6 /* Alamofire in Frameworks */,
			);
			runOnlyForDeploymentPostprocessing = 0;
		};
/* End PBXFrameworksBuildPhase section */

/* Begin PBXGroup section */
		76CF687F2ABDF71100D2E7F6 = {
			isa = PBXGroup;
			children = (
				76CF688A2ABDF71100D2E7F6 /* LogIn */,
				76CF68892ABDF71100D2E7F6 /* Products */,
			);
			sourceTree = "<group>";
		};
		76CF68892ABDF71100D2E7F6 /* Products */ = {
			isa = PBXGroup;
			children = (
				76CF68882ABDF71100D2E7F6 /* LogIn.app */,
			);
			name = Products;
			sourceTree = "<group>";
		};
		76CF688A2ABDF71100D2E7F6 /* LogIn */ = {
			isa = PBXGroup;
			children = (
				76CF689F2ABDF92A00D2E7F6 /* Presentation */,
				76CF68A02ABDF93400D2E7F6 /* Domain */,
				76CF68A12ABDF93B00D2E7F6 /* Data */,
				76CF688B2ABDF71100D2E7F6 /* AppDelegate.swift */,
				76CF688D2ABDF71100D2E7F6 /* SceneDelegate.swift */,
				76CF688F2ABDF71100D2E7F6 /* ViewController.swift */,
				76CF68942ABDF71200D2E7F6 /* Assets.xcassets */,
				76CF68962ABDF71200D2E7F6 /* LaunchScreen.storyboard */,
				76CF68992ABDF71200D2E7F6 /* Info.plist */,
			);
			path = LogIn;
			sourceTree = "<group>";
		};
		76CF689F2ABDF92A00D2E7F6 /* Presentation */ = {
			isa = PBXGroup;
			children = (
				76CF68B62ABE7ECE00D2E7F6 /* DI */,
				76CF68AE2ABE1CAB00D2E7F6 /* Utils */,
				76CF68A42ABDF96000D2E7F6 /* Features */,
			);
			path = Presentation;
			sourceTree = "<group>";
		};
		76CF68A02ABDF93400D2E7F6 /* Domain */ = {
			isa = PBXGroup;
			children = (
			);
			path = Domain;
			sourceTree = "<group>";
		};
		76CF68A12ABDF93B00D2E7F6 /* Data */ = {
			isa = PBXGroup;
			children = (
				76CF68C22ABE814900D2E7F6 /* Features */,
				76CF68B92ABE7F6400D2E7F6 /* Api */,
			);
			path = Data;
			sourceTree = "<group>";
		};
		76CF68A42ABDF96000D2E7F6 /* Features */ = {
			isa = PBXGroup;
			children = (
				76CF68B32ABE5BB300D2E7F6 /* InicioVC */,
				76CF68A52ABDF96800D2E7F6 /* HomeVC */,
			);
			path = Features;
			sourceTree = "<group>";
		};
		76CF68A52ABDF96800D2E7F6 /* HomeVC */ = {
			isa = PBXGroup;
			children = (
				76CF68A22ABDF95800D2E7F6 /* LogInVC.swift */,
				76CF68A62ABDF98200D2E7F6 /* LogInVC.xib */,
				76CF68B12ABE2A0200D2E7F6 /* LoginRepository.swift */,
			);
			path = HomeVC;
			sourceTree = "<group>";
		};
		76CF68AE2ABE1CAB00D2E7F6 /* Utils */ = {
			isa = PBXGroup;
			children = (
				76CF68AF2ABE1CBC00D2E7F6 /* Box.swift */,
			);
			path = Utils;
			sourceTree = "<group>";
		};
		76CF68B32ABE5BB300D2E7F6 /* InicioVC */ = {
			isa = PBXGroup;
			children = (
				76CF68B42ABE5BCD00D2E7F6 /* InicioVC.swift */,
			);
			path = InicioVC;
			sourceTree = "<group>";
		};
		76CF68B62ABE7ECE00D2E7F6 /* DI */ = {
			isa = PBXGroup;
			children = (
				76CF68B72ABE7EDC00D2E7F6 /* AppModule.swift */,
			);
			path = DI;
			sourceTree = "<group>";
		};
		76CF68B92ABE7F6400D2E7F6 /* Api */ = {
			isa = PBXGroup;
			children = (
				76CF68BA2ABE7FA600D2E7F6 /* Api.swift */,
				76CF68BC2ABE7FB900D2E7F6 /* RequestInterceptor.swift */,
				76CF68BE2ABE7FC100D2E7F6 /* ApiError.swift */,
				76CF68C02ABE7FCC00D2E7F6 /* Request.swift */,
			);
			path = Api;
			sourceTree = "<group>";
		};
		76CF68C22ABE814900D2E7F6 /* Features */ = {
			isa = PBXGroup;
			children = (
				76CF68C32ABE815800D2E7F6 /* LogIn */,
			);
			path = Features;
			sourceTree = "<group>";
		};
		76CF68C32ABE815800D2E7F6 /* LogIn */ = {
			isa = PBXGroup;
			children = (
				76CF68C42ABE817700D2E7F6 /* Responses */,
			);
			path = LogIn;
			sourceTree = "<group>";
		};
		76CF68C42ABE817700D2E7F6 /* Responses */ = {
			isa = PBXGroup;
			children = (
				76CF68C52ABE819D00D2E7F6 /* LogInApi.swift */,
			);
			path = Responses;
			sourceTree = "<group>";
		};
/* End PBXGroup section */

/* Begin PBXNativeTarget section */
		76CF68872ABDF71100D2E7F6 /* LogIn */ = {
			isa = PBXNativeTarget;
			buildConfigurationList = 76CF689C2ABDF71200D2E7F6 /* Build configuration list for PBXNativeTarget "LogIn" */;
			buildPhases = (
				76CF68842ABDF71100D2E7F6 /* Sources */,
				76CF68852ABDF71100D2E7F6 /* Frameworks */,
				76CF68862ABDF71100D2E7F6 /* Resources */,
			);
			buildRules = (
			);
			dependencies = (
			);
			name = LogIn;
			packageProductDependencies = (
				76CF68A92ABE1ACE00D2E7F6 /* Resolver */,
				76CF68AC2ABE1C5D00D2E7F6 /* Alamofire */,
			);
			productName = LogIn;
			productReference = 76CF68882ABDF71100D2E7F6 /* LogIn.app */;
			productType = "com.apple.product-type.application";
		};
/* End PBXNativeTarget section */

/* Begin PBXProject section */
		76CF68802ABDF71100D2E7F6 /* Project object */ = {
			isa = PBXProject;
			attributes = {
				BuildIndependentTargetsInParallel = 1;
				LastSwiftUpdateCheck = 1430;
				LastUpgradeCheck = 1430;
				TargetAttributes = {
					76CF68872ABDF71100D2E7F6 = {
						CreatedOnToolsVersion = 14.3.1;
					};
				};
			};
			buildConfigurationList = 76CF68832ABDF71100D2E7F6 /* Build configuration list for PBXProject "LogIn" */;
			compatibilityVersion = "Xcode 14.0";
			developmentRegion = en;
			hasScannedForEncodings = 0;
			knownRegions = (
				en,
				Base,
			);
			mainGroup = 76CF687F2ABDF71100D2E7F6;
			packageReferences = (
				76CF68A82ABE1ACE00D2E7F6 /* XCRemoteSwiftPackageReference "Resolver" */,
				76CF68AB2ABE1C5D00D2E7F6 /* XCRemoteSwiftPackageReference "Alamofire" */,
			);
			productRefGroup = 76CF68892ABDF71100D2E7F6 /* Products */;
			projectDirPath = "";
			projectRoot = "";
			targets = (
				76CF68872ABDF71100D2E7F6 /* LogIn */,
			);
		};
/* End PBXProject section */

/* Begin PBXResourcesBuildPhase section */
		76CF68862ABDF71100D2E7F6 /* Resources */ = {
			isa = PBXResourcesBuildPhase;
			buildActionMask = 2147483647;
			files = (
				76CF68982ABDF71200D2E7F6 /* LaunchScreen.storyboard in Resources */,
				76CF68A72ABDF98200D2E7F6 /* LogInVC.xib in Resources */,
				76CF68952ABDF71200D2E7F6 /* Assets.xcassets in Resources */,
			);
			runOnlyForDeploymentPostprocessing = 0;
		};
/* End PBXResourcesBuildPhase section */

/* Begin PBXSourcesBuildPhase section */
		76CF68842ABDF71100D2E7F6 /* Sources */ = {
			isa = PBXSourcesBuildPhase;
			buildActionMask = 2147483647;
			files = (
				76CF68BF2ABE7FC100D2E7F6 /* ApiError.swift in Sources */,
				76CF68C12ABE7FCC00D2E7F6 /* Request.swift in Sources */,
				76CF68BB2ABE7FA600D2E7F6 /* Api.swift in Sources */,
				76CF68902ABDF71100D2E7F6 /* ViewController.swift in Sources */,
				76CF68B82ABE7EDC00D2E7F6 /* AppModule.swift in Sources */,
				76CF68A32ABDF95800D2E7F6 /* LogInVC.swift in Sources */,
				76CF688C2ABDF71100D2E7F6 /* AppDelegate.swift in Sources */,
				76CF688E2ABDF71100D2E7F6 /* SceneDelegate.swift in Sources */,
				76CF68B02ABE1CBC00D2E7F6 /* Box.swift in Sources */,
				76CF68BD2ABE7FB900D2E7F6 /* RequestInterceptor.swift in Sources */,
				76CF68B52ABE5BCD00D2E7F6 /* InicioVC.swift in Sources */,
				76CF68C62ABE819D00D2E7F6 /* LogInApi.swift in Sources */,
				76CF68B22ABE2A0200D2E7F6 /* LoginRepository.swift in Sources */,
			);
			runOnlyForDeploymentPostprocessing = 0;
		};
/* End PBXSourcesBuildPhase section */

/* Begin PBXVariantGroup section */
		76CF68962ABDF71200D2E7F6 /* LaunchScreen.storyboard */ = {
			isa = PBXVariantGroup;
			children = (
				76CF68972ABDF71200D2E7F6 /* Base */,
			);
			name = LaunchScreen.storyboard;
			sourceTree = "<group>";
		};
/* End PBXVariantGroup section */

/* Begin XCBuildConfiguration section */
		76CF689A2ABDF71200D2E7F6 /* Debug */ = {
			isa = XCBuildConfiguration;
			buildSettings = {
				ALWAYS_SEARCH_USER_PATHS = NO;
				CLANG_ANALYZER_NONNULL = YES;
				CLANG_ANALYZER_NUMBER_OBJECT_CONVERSION = YES_AGGRESSIVE;
				CLANG_CXX_LANGUAGE_STANDARD = "gnu++20";
				CLANG_ENABLE_MODULES = YES;
				CLANG_ENABLE_OBJC_ARC = YES;
				CLANG_ENABLE_OBJC_WEAK = YES;
				CLANG_WARN_BLOCK_CAPTURE_AUTORELEASING = YES;
				CLANG_WARN_BOOL_CONVERSION = YES;
				CLANG_WARN_COMMA = YES;
				CLANG_WARN_CONSTANT_CONVERSION = YES;
				CLANG_WARN_DEPRECATED_OBJC_IMPLEMENTATIONS = YES;
				CLANG_WARN_DIRECT_OBJC_ISA_USAGE = YES_ERROR;
				CLANG_WARN_DOCUMENTATION_COMMENTS = YES;
				CLANG_WARN_EMPTY_BODY = YES;
				CLANG_WARN_ENUM_CONVERSION = YES;
				CLANG_WARN_INFINITE_RECURSION = YES;
				CLANG_WARN_INT_CONVERSION = YES;
				CLANG_WARN_NON_LITERAL_NULL_CONVERSION = YES;
				CLANG_WARN_OBJC_IMPLICIT_RETAIN_SELF = YES;
				CLANG_WARN_OBJC_LITERAL_CONVERSION = YES;
				CLANG_WARN_OBJC_ROOT_CLASS = YES_ERROR;
				CLANG_WARN_QUOTED_INCLUDE_IN_FRAMEWORK_HEADER = YES;
				CLANG_WARN_RANGE_LOOP_ANALYSIS = YES;
				CLANG_WARN_STRICT_PROTOTYPES = YES;
				CLANG_WARN_SUSPICIOUS_MOVE = YES;
				CLANG_WARN_UNGUARDED_AVAILABILITY = YES_AGGRESSIVE;
				CLANG_WARN_UNREACHABLE_CODE = YES;
				CLANG_WARN__DUPLICATE_METHOD_MATCH = YES;
				COPY_PHASE_STRIP = NO;
				DEBUG_INFORMATION_FORMAT = dwarf;
				ENABLE_STRICT_OBJC_MSGSEND = YES;
				ENABLE_TESTABILITY = YES;
				GCC_C_LANGUAGE_STANDARD = gnu11;
				GCC_DYNAMIC_NO_PIC = NO;
				GCC_NO_COMMON_BLOCKS = YES;
				GCC_OPTIMIZATION_LEVEL = 0;
				GCC_PREPROCESSOR_DEFINITIONS = (
					"DEBUG=1",
					"$(inherited)",
				);
				GCC_WARN_64_TO_32_BIT_CONVERSION = YES;
				GCC_WARN_ABOUT_RETURN_TYPE = YES_ERROR;
				GCC_WARN_UNDECLARED_SELECTOR = YES;
				GCC_WARN_UNINITIALIZED_AUTOS = YES_AGGRESSIVE;
				GCC_WARN_UNUSED_FUNCTION = YES;
				GCC_WARN_UNUSED_VARIABLE = YES;
				IPHONEOS_DEPLOYMENT_TARGET = 16.4;
				MTL_ENABLE_DEBUG_INFO = INCLUDE_SOURCE;
				MTL_FAST_MATH = YES;
				ONLY_ACTIVE_ARCH = YES;
				SDKROOT = iphoneos;
				SWIFT_ACTIVE_COMPILATION_CONDITIONS = DEBUG;
				SWIFT_OPTIMIZATION_LEVEL = "-Onone";
			};
			name = Debug;
		};
		76CF689B2ABDF71200D2E7F6 /* Release */ = {
			isa = XCBuildConfiguration;
			buildSettings = {
				ALWAYS_SEARCH_USER_PATHS = NO;
				CLANG_ANALYZER_NONNULL = YES;
				CLANG_ANALYZER_NUMBER_OBJECT_CONVERSION = YES_AGGRESSIVE;
				CLANG_CXX_LANGUAGE_STANDARD = "gnu++20";
				CLANG_ENABLE_MODULES = YES;
				CLANG_ENABLE_OBJC_ARC = YES;
				CLANG_ENABLE_OBJC_WEAK = YES;
				CLANG_WARN_BLOCK_CAPTURE_AUTORELEASING = YES;
				CLANG_WARN_BOOL_CONVERSION = YES;
				CLANG_WARN_COMMA = YES;
				CLANG_WARN_CONSTANT_CONVERSION = YES;
				CLANG_WARN_DEPRECATED_OBJC_IMPLEMENTATIONS = YES;
				CLANG_WARN_DIRECT_OBJC_ISA_USAGE = YES_ERROR;
				CLANG_WARN_DOCUMENTATION_COMMENTS = YES;
				CLANG_WARN_EMPTY_BODY = YES;
				CLANG_WARN_ENUM_CONVERSION = YES;
				CLANG_WARN_INFINITE_RECURSION = YES;
				CLANG_WARN_INT_CONVERSION = YES;
				CLANG_WARN_NON_LITERAL_NULL_CONVERSION = YES;
				CLANG_WARN_OBJC_IMPLICIT_RETAIN_SELF = YES;
				CLANG_WARN_OBJC_LITERAL_CONVERSION = YES;
				CLANG_WARN_OBJC_ROOT_CLASS = YES_ERROR;
				CLANG_WARN_QUOTED_INCLUDE_IN_FRAMEWORK_HEADER = YES;
				CLANG_WARN_RANGE_LOOP_ANALYSIS = YES;
				CLANG_WARN_STRICT_PROTOTYPES = YES;
				CLANG_WARN_SUSPICIOUS_MOVE = YES;
				CLANG_WARN_UNGUARDED_AVAILABILITY = YES_AGGRESSIVE;
				CLANG_WARN_UNREACHABLE_CODE = YES;
				CLANG_WARN__DUPLICATE_METHOD_MATCH = YES;
				COPY_PHASE_STRIP = NO;
				DEBUG_INFORMATION_FORMAT = "dwarf-with-dsym";
				ENABLE_NS_ASSERTIONS = NO;
				ENABLE_STRICT_OBJC_MSGSEND = YES;
				GCC_C_LANGUAGE_STANDARD = gnu11;
				GCC_NO_COMMON_BLOCKS = YES;
				GCC_WARN_64_TO_32_BIT_CONVERSION = YES;
				GCC_WARN_ABOUT_RETURN_TYPE = YES_ERROR;
				GCC_WARN_UNDECLARED_SELECTOR = YES;
				GCC_WARN_UNINITIALIZED_AUTOS = YES_AGGRESSIVE;
				GCC_WARN_UNUSED_FUNCTION = YES;
				GCC_WARN_UNUSED_VARIABLE = YES;
				IPHONEOS_DEPLOYMENT_TARGET = 16.4;
				MTL_ENABLE_DEBUG_INFO = NO;
				MTL_FAST_MATH = YES;
				SDKROOT = iphoneos;
				SWIFT_COMPILATION_MODE = wholemodule;
				SWIFT_OPTIMIZATION_LEVEL = "-O";
				VALIDATE_PRODUCT = YES;
			};
			name = Release;
		};
		76CF689D2ABDF71200D2E7F6 /* Debug */ = {
			isa = XCBuildConfiguration;
			buildSettings = {
				ASSETCATALOG_COMPILER_APPICON_NAME = AppIcon;
				ASSETCATALOG_COMPILER_GLOBAL_ACCENT_COLOR_NAME = AccentColor;
				CODE_SIGN_STYLE = Automatic;
				CURRENT_PROJECT_VERSION = 1;
				DEVELOPMENT_TEAM = UJSRV9HAGZ;
				GENERATE_INFOPLIST_FILE = YES;
				INFOPLIST_FILE = LogIn/Info.plist;
				INFOPLIST_KEY_UIApplicationSupportsIndirectInputEvents = YES;
				INFOPLIST_KEY_UILaunchStoryboardName = LaunchScreen;
				INFOPLIST_KEY_UISupportedInterfaceOrientations_iPad = "UIInterfaceOrientationPortrait UIInterfaceOrientationPortraitUpsideDown UIInterfaceOrientationLandscapeLeft UIInterfaceOrientationLandscapeRight";
				INFOPLIST_KEY_UISupportedInterfaceOrientations_iPhone = "UIInterfaceOrientationPortrait UIInterfaceOrientationLandscapeLeft UIInterfaceOrientationLandscapeRight";
				LD_RUNPATH_SEARCH_PATHS = (
					"$(inherited)",
					"@executable_path/Frameworks",
				);
				MARKETING_VERSION = 1.0;
				PRODUCT_BUNDLE_IDENTIFIER = com.armando.test.LogIn;
				PRODUCT_NAME = "$(TARGET_NAME)";
				SWIFT_EMIT_LOC_STRINGS = YES;
				SWIFT_VERSION = 5.0;
				TARGETED_DEVICE_FAMILY = "1,2";
			};
			name = Debug;
		};
		76CF689E2ABDF71200D2E7F6 /* Release */ = {
			isa = XCBuildConfiguration;
			buildSettings = {
				ASSETCATALOG_COMPILER_APPICON_NAME = AppIcon;
				ASSETCATALOG_COMPILER_GLOBAL_ACCENT_COLOR_NAME = AccentColor;
				CODE_SIGN_STYLE = Automatic;
				CURRENT_PROJECT_VERSION = 1;
				DEVELOPMENT_TEAM = UJSRV9HAGZ;
				GENERATE_INFOPLIST_FILE = YES;
				INFOPLIST_FILE = LogIn/Info.plist;
				INFOPLIST_KEY_UIApplicationSupportsIndirectInputEvents = YES;
				INFOPLIST_KEY_UILaunchStoryboardName = LaunchScreen;
				INFOPLIST_KEY_UISupportedInterfaceOrientations_iPad = "UIInterfaceOrientationPortrait UIInterfaceOrientationPortraitUpsideDown UIInterfaceOrientationLandscapeLeft UIInterfaceOrientationLandscapeRight";
				INFOPLIST_KEY_UISupportedInterfaceOrientations_iPhone = "UIInterfaceOrientationPortrait UIInterfaceOrientationLandscapeLeft UIInterfaceOrientationLandscapeRight";
				LD_RUNPATH_SEARCH_PATHS = (
					"$(inherited)",
					"@executable_path/Frameworks",
				);
				MARKETING_VERSION = 1.0;
				PRODUCT_BUNDLE_IDENTIFIER = com.armando.test.LogIn;
				PRODUCT_NAME = "$(TARGET_NAME)";
				SWIFT_EMIT_LOC_STRINGS = YES;
				SWIFT_VERSION = 5.0;
				TARGETED_DEVICE_FAMILY = "1,2";
			};
			name = Release;
		};
/* End XCBuildConfiguration section */

/* Begin XCConfigurationList section */
		76CF68832ABDF71100D2E7F6 /* Build configuration list for PBXProject "LogIn" */ = {
			isa = XCConfigurationList;
			buildConfigurations = (
				76CF689A2ABDF71200D2E7F6 /* Debug */,
				76CF689B2ABDF71200D2E7F6 /* Release */,
			);
			defaultConfigurationIsVisible = 0;
			defaultConfigurationName = Release;
		};
		76CF689C2ABDF71200D2E7F6 /* Build configuration list for PBXNativeTarget "LogIn" */ = {
			isa = XCConfigurationList;
			buildConfigurations = (
				76CF689D2ABDF71200D2E7F6 /* Debug */,
				76CF689E2ABDF71200D2E7F6 /* Release */,
			);
			defaultConfigurationIsVisible = 0;
			defaultConfigurationName = Release;
		};
/* End XCConfigurationList section */

/* Begin XCRemoteSwiftPackageReference section */
		76CF68A82ABE1ACE00D2E7F6 /* XCRemoteSwiftPackageReference "Resolver" */ = {
			isa = XCRemoteSwiftPackageReference;
			repositoryURL = "https://github.com/hmlongco/Resolver.git";
			requirement = {
				kind = upToNextMajorVersion;
				minimumVersion = 1.0.0;
			};
		};
		76CF68AB2ABE1C5D00D2E7F6 /* XCRemoteSwiftPackageReference "Alamofire" */ = {
			isa = XCRemoteSwiftPackageReference;
			repositoryURL = "https://github.com/Alamofire/Alamofire.git";
			requirement = {
				kind = upToNextMajorVersion;
				minimumVersion = 5.0.0;
			};
		};
/* End XCRemoteSwiftPackageReference section */

/* Begin XCSwiftPackageProductDependency section */
		76CF68A92ABE1ACE00D2E7F6 /* Resolver */ = {
			isa = XCSwiftPackageProductDependency;
			package = 76CF68A82ABE1ACE00D2E7F6 /* XCRemoteSwiftPackageReference "Resolver" */;
			productName = Resolver;
		};
		76CF68AC2ABE1C5D00D2E7F6 /* Alamofire */ = {
			isa = XCSwiftPackageProductDependency;
			package = 76CF68AB2ABE1C5D00D2E7F6 /* XCRemoteSwiftPackageReference "Alamofire" */;
			productName = Alamofire;
		};
/* End XCSwiftPackageProductDependency section */
	};
	rootObject = 76CF68802ABDF71100D2E7F6 /* Project object */;
}
